<?xml version="1.0" encoding="utf-8"?>
<Project ToolsVersion="4.0" xmlns="http://schemas.microsoft.com/developer/msbuild/2003">
  <ItemGroup>
    <Filter Include="Form Files">
      <UniqueIdentifier>{99349809-55BA-4b9d-BF79-8FDBB0286EB3}</UniqueIdentifier>
      <Extensions>ui</Extensions>
      <ParseFiles>false</ParseFiles>
    </Filter>
    <Filter Include="Form Files">
      <UniqueIdentifier>{99349809-55BA-4b9d-BF79-8FDBB0286EB3}</UniqueIdentifier>
      <Extensions>ui</Extensions>
      <ParseFiles>false</ParseFiles>
    </Filter>
    <Filter Include="Generated Files">
      <UniqueIdentifier>{71ED8ED8-ACB9-4CE9-BBE1-E00B30144E11}</UniqueIdentifier>
      <Extensions>cpp;c;cxx;moc;h;def;odl;idl;res;</Extensions>
    </Filter>
    <Filter Include="Generated Files">
      <UniqueIdentifier>{71ED8ED8-ACB9-4CE9-BBE1-E00B30144E11}</UniqueIdentifier>
      <Extensions>cpp;c;cxx;moc;h;def;odl;idl;res;</Extensions>
    </Filter>
    <Filter Include="Header Files">
      <UniqueIdentifier>{93995380-89BD-4b04-88EB-625FBE52EBFB}</UniqueIdentifier>
      <Extensions>h;hpp;hxx;hm;inl;inc;xsd</Extensions>
    </Filter>
    <Filter Include="Header Files">
      <UniqueIdentifier>{93995380-89BD-4b04-88EB-625FBE52EBFB}</UniqueIdentifier>
      <Extensions>h;hpp;hxx;hm;inl;inc;xsd</Extensions>
    </Filter>
    <Filter Include="Source Files">
      <UniqueIdentifier>{4FC737F1-C7A5-4376-A066-2A32D752A2FF}</UniqueIdentifier>
      <Extensions>cpp;c;cxx;def;odl;idl;hpj;bat;asm;asmx</Extensions>
    </Filter>
    <Filter Include="Source Files">
      <UniqueIdentifier>{4FC737F1-C7A5-4376-A066-2A32D752A2FF}</UniqueIdentifier>
      <Extensions>cpp;c;cxx;def;odl;idl;hpj;bat;asm;asmx</Extensions>
    </Filter>
    <Filter Include="Resource Files">
      <UniqueIdentifier>{D9D6E242-F8AF-46E4-B9FD-80ECBC20BA3E}</UniqueIdentifier>
      <Extensions>qrc;*</Extensions>
      <ParseFiles>false</ParseFiles>
    </Filter>
  </ItemGroup>
  <ItemGroup>
    <ClCompile Include="ConnectionManager.cpp">
      <Filter>Source Files</Filter>
    </ClCompile>
    <ClCompile Include="main.cpp">
      <Filter>Source Files</Filter>
    </ClCompile>
    <ClCompile Include="mainwindow.cpp">
      <Filter>Source Files</Filter>
    </ClCompile>
    <ClCompile Include="GcodeProgramManager.cpp">
      <Filter>Source Files</Filter>
    </ClCompile>
    <ClCompile Include="GcodeProgram.cpp">
      <Filter>Source Files</Filter>
    </ClCompile>
    <ClCompile Include="UnityTool.cpp">
      <Filter>Source Files</Filter>
    </ClCompile>
    <ClCompile Include="hsvwindow.cpp">
      <Filter>Source Files</Filter>
    </ClCompile>
    <ClCompile Include="ImageProcesser.cpp">
      <Filter>Source Files</Filter>
    </ClCompile>
    <ClCompile Include="CameraWidget.cpp">
      <Filter>Source Files</Filter>
    </ClCompile>
    <ClCompile Include="DeltaVisualizer.cpp">
      <Filter>Source Files</Filter>
    </ClCompile>
    <ClCompile Include="GcodeReference.cpp">
      <Filter>Source Files</Filter>
    </ClCompile>
    <ClCompile Include="BlobManager.cpp">
      <Filter>Source Files</Filter>
    </ClCompile>
    <ClCompile Include="Layer.cpp">
      <Filter>Source Files</Filter>
    </ClCompile>
    <ClCompile Include="TextLayer.cpp">
      <Filter>Source Files</Filter>
    </ClCompile>
    <ClCompile Include="DrawingWidget.cpp">
      <Filter>Source Files</Filter>
    </ClCompile>
    <ClCompile Include="DrawingExporter.cpp">
      <Filter>Source Files</Filter>
    </ClCompile>
    <ClCompile Include="codeeditor.cpp">
      <Filter>Source Files</Filter>
    </ClCompile>
    <ClCompile Include="TCPConnectionManager.cpp">
      <Filter>Source Files</Filter>
    </ClCompile>
    <ClCompile Include="ROS.cpp">
      <Filter>Source Files</Filter>
    </ClCompile>
    <ClCompile Include="ObjectVariableTable.cpp">
      <Filter>Source Files</Filter>
    </ClCompile>
  </ItemGroup>
  <ItemGroup>
    <QtMoc Include="mainwindow.h">
      <Filter>Header Files</Filter>
    </QtMoc>
    <ClInclude Include="UnityTool.h">
      <Filter>Header Files</Filter>
    </ClInclude>
    <QtMoc Include="ConnectionManager.h">
      <Filter>Header Files</Filter>
    </QtMoc>
    <QtMoc Include="ImageProcesser.h">
      <Filter>Header Files</Filter>
    </QtMoc>
    <QtMoc Include="hsvwindow.h">
      <Filter>Header Files</Filter>
    </QtMoc>
    <QtMoc Include="CameraWidget.h">
      <Filter>Header Files</Filter>
    </QtMoc>
    <QtMoc Include="DeltaVisualizer.h">
      <Filter>Header Files</Filter>
    </QtMoc>
    <QtMoc Include="GcodeReference.h">
      <Filter>Header Files</Filter>
    </QtMoc>
    <QtMoc Include="BlobManager.h">
      <Filter>Header Files</Filter>
    </QtMoc>
    <QtMoc Include="Layer.h">
      <Filter>Header Files</Filter>
    </QtMoc>
    <QtMoc Include="TextLayer.h">
      <Filter>Header Files</Filter>
    </QtMoc>
    <QtMoc Include="DrawingWidget.h">
      <Filter>Header Files</Filter>
    </QtMoc>
    <QtMoc Include="DrawingExporter.h">
      <Filter>Header Files</Filter>
    </QtMoc>
    <QtMoc Include="codeeditor.h">
      <Filter>Header Files</Filter>
    </QtMoc>
    <QtMoc Include="TCPConnectionManager.h">
      <Filter>Header Files</Filter>
    </QtMoc>
    <QtMoc Include="ROS.h">
      <Filter>Header Files</Filter>
    </QtMoc>
    <QtMoc Include="ObjectVariableTable.h">
      <Filter>Header Files</Filter>
    </QtMoc>
  </ItemGroup>
  <ItemGroup>
    <ClInclude Include="ui_mainwindow.h">
      <Filter>Generated Files</Filter>
    </ClInclude>
    <ClInclude Include="resource.h">
      <Filter>Generated Files</Filter>
    </ClInclude>
  </ItemGroup>
  <ItemGroup>
    <QtUic Include="mainwindow.ui">
      <Filter>Form Files</Filter>
    </QtUic>
    <QtUic Include="HSVWindow.ui">
      <Filter>Form Files</Filter>
    </QtUic>
    <QtUic Include="GcodeReference.ui">
      <Filter>Form Files</Filter>
    </QtUic>
    <QtUic Include="LightUI.ui">
      <Filter>Form Files</Filter>
    </QtUic>
  </ItemGroup>
  <ItemGroup>
    <QtMoc Include="GcodeProgram.h">
      <Filter>Header Files</Filter>
    </QtMoc>
    <QtMoc Include="GcodeProgramManager.h">
      <Filter>Header Files</Filter>
    </QtMoc>
  </ItemGroup>
  <ItemGroup>
    <ResourceCompile Include="DeltaRobotSoftware.rc" />
  </ItemGroup>
  <ItemGroup>
    <Image Include="delta_x_logo_96x96.ico" />
  </ItemGroup>
  <ItemGroup>
    <CustomBuild Include="icon\icon.qrc">
      <Filter>Resource Files</Filter>
    </CustomBuild>
  </ItemGroup>
</Project>